
Microsoft Visual Studio Solution File, Format Version 12.00
# Visual Studio Version 17
VisualStudioVersion = 17.14.36717.8
MinimumVisualStudioVersion = 10.0.40219.1
Project("{FAE04EC0-301F-11D3-BF4B-00C04F79EFBC}") = "Room Reorder", "Room Reorder\Room Reorder.csproj", "{CAF124A4-0F8E-4738-9059-2E85BF18AECB}"
EndProject
Global
	GlobalSection(SolutionConfigurationPlatforms) = preSolution
		Debug|Any CPU = Debug|Any CPU
		Release|Any CPU = Release|Any CPU
	EndGlobalSection
	GlobalSection(ProjectConfigurationPlatforms) = postSolution
		{CAF124A4-0F8E-4738-9059-2E85BF18AECB}.Debug|Any CPU.ActiveCfg = Debug|Any CPU
		{CAF124A4-0F8E-4738-9059-2E85BF18AECB}.Debug|Any CPU.Build.0 = Debug|Any CPU
		{CAF124A4-0F8E-4738-9059-2E85BF18AECB}.Release|Any CPU.ActiveCfg = Release|Any CPU
		{CAF124A4-0F8E-4738-9059-2E85BF18AECB}.Release|Any CPU.Build.0 = Release|Any CPU
	EndGlobalSection
	GlobalSection(SolutionProperties) = preSolution
		HideSolutionNode = FALSE
	EndGlobalSection
	GlobalSection(ExtensibilityGlobals) = postSolution
		SolutionGuid = {BFFC07B5-45E2-4396-A33C-A4F185BD0493}
	EndGlobalSection
EndGlobal
